
Microsoft Visual Studio Solution File, Format Version 12.00
# Visual Studio Version 16
VisualStudioVersion = 16.0.30621.155
MinimumVisualStudioVersion = 10.0.40219.1
Project("{FAE04EC0-301F-11D3-BF4B-00C04F79EFBC}") = "TheCashier", "TheCashier\TheCashier.csproj", "{4F04DA1B-6049-44A4-9A1C-903C4AC6748F}"
EndProject
Global
	GlobalSection(SolutionConfigurationPlatforms) = preSolution
		Debug|Any CPU = Debug|Any CPU
		Release|Any CPU = Release|Any CPU
	EndGlobalSection
	GlobalSection(ProjectConfigurationPlatforms) = postSolution
		{4F04DA1B-6049-44A4-9A1C-903C4AC6748F}.Debug|Any CPU.ActiveCfg = Debug|Any CPU
		{4F04DA1B-6049-44A4-9A1C-903C4AC6748F}.Debug|Any CPU.Build.0 = Debug|Any CPU
		{4F04DA1B-6049-44A4-9A1C-903C4AC6748F}.Release|Any CPU.ActiveCfg = Release|Any CPU
		{4F04DA1B-6049-44A4-9A1C-903C4AC6748F}.Release|Any CPU.Build.0 = Release|Any CPU
	EndGlobalSection
	GlobalSection(SolutionProperties) = preSolution
		HideSolutionNode = FALSE
	EndGlobalSection
	GlobalSection(ExtensibilityGlobals) = postSolution
		SolutionGuid = {A05FE529-6E78-462C-910E-6C1E60CA2D29}
	EndGlobalSection
EndGlobal
